// !$*UTF8*$!
{
	archiveVersion = 1;
	classes = {
	};
	objectVersion = 56;
	objects = {

/* Begin PBXBuildFile section */
		6111170B296088E900E9F5BC /* ViewFactoryMethods.swift in Sources */ = {isa = PBXBuildFile; fileRef = 6111170A296088E900E9F5BC /* ViewFactoryMethods.swift */; };
		611373D529601B9A004E2BFE /* MovieItemModel.swift in Sources */ = {isa = PBXBuildFile; fileRef = 611373D429601B9A004E2BFE /* MovieItemModel.swift */; };
		611373D729601E76004E2BFE /* MovieItemModelInterface.swift in Sources */ = {isa = PBXBuildFile; fileRef = 611373D629601E76004E2BFE /* MovieItemModelInterface.swift */; };
		611373DA29601FA3004E2BFE /* PaginationModel.swift in Sources */ = {isa = PBXBuildFile; fileRef = 611373D929601FA3004E2BFE /* PaginationModel.swift */; };
		6176245C295CB8D9004C3197 /* AppDelegate.swift in Sources */ = {isa = PBXBuildFile; fileRef = 6176245B295CB8D9004C3197 /* AppDelegate.swift */; };
		6176245E295CB8D9004C3197 /* SceneDelegate.swift in Sources */ = {isa = PBXBuildFile; fileRef = 6176245D295CB8D9004C3197 /* SceneDelegate.swift */; };
		61762465295CB8DA004C3197 /* Assets.xcassets in Resources */ = {isa = PBXBuildFile; fileRef = 61762464295CB8DA004C3197 /* Assets.xcassets */; };
		61762468295CB8DA004C3197 /* LaunchScreen.storyboard in Resources */ = {isa = PBXBuildFile; fileRef = 61762466295CB8DA004C3197 /* LaunchScreen.storyboard */; };
		617FB88C295CBA7B00CCF71F /* SearchMoviesModule.swift in Sources */ = {isa = PBXBuildFile; fileRef = 617FB889295CBA7B00CCF71F /* SearchMoviesModule.swift */; };
		617FB88D295CBA7B00CCF71F /* SearchMoviesPresenter.swift in Sources */ = {isa = PBXBuildFile; fileRef = 617FB88A295CBA7B00CCF71F /* SearchMoviesPresenter.swift */; };
		617FB88E295CBA7B00CCF71F /* SearchMoviesView.swift in Sources */ = {isa = PBXBuildFile; fileRef = 617FB88B295CBA7B00CCF71F /* SearchMoviesView.swift */; };
		619CFF6F29602DEF003B8C6B /* MovieCell.swift in Sources */ = {isa = PBXBuildFile; fileRef = 619CFF6D29602DEF003B8C6B /* MovieCell.swift */; };
		619CFF7029602DEF003B8C6B /* MovieCell.xib in Resources */ = {isa = PBXBuildFile; fileRef = 619CFF6E29602DEF003B8C6B /* MovieCell.xib */; };
		619CFF73296045F5003B8C6B /* Kingfisher in Frameworks */ = {isa = PBXBuildFile; productRef = 619CFF72296045F5003B8C6B /* Kingfisher */; };
		619CFF7629604609003B8C6B /* Toast in Frameworks */ = {isa = PBXBuildFile; productRef = 619CFF7529604609003B8C6B /* Toast */; };
		619CFF7829604626003B8C6B /* UIImageView+Extension.swift in Sources */ = {isa = PBXBuildFile; fileRef = 619CFF7729604626003B8C6B /* UIImageView+Extension.swift */; };
		619CFF7D29604913003B8C6B /* MovieDetailModule.swift in Sources */ = {isa = PBXBuildFile; fileRef = 619CFF7A29604913003B8C6B /* MovieDetailModule.swift */; };
		619CFF7E29604913003B8C6B /* MovieDetailPresenter.swift in Sources */ = {isa = PBXBuildFile; fileRef = 619CFF7B29604913003B8C6B /* MovieDetailPresenter.swift */; };
		619CFF7F29604913003B8C6B /* MovieDetailView.swift in Sources */ = {isa = PBXBuildFile; fileRef = 619CFF7C29604913003B8C6B /* MovieDetailView.swift */; };
		61D04D44295D9B6000D4F101 /* NetworkingInterface.swift in Sources */ = {isa = PBXBuildFile; fileRef = 61D04D43295D9B6000D4F101 /* NetworkingInterface.swift */; };
		61FF56C2295CE00500EE7E42 /* APIClient.swift in Sources */ = {isa = PBXBuildFile; fileRef = 61FF56C1295CE00500EE7E42 /* APIClient.swift */; };
		61FF56C5295CE01000EE7E42 /* Endpoints.swift in Sources */ = {isa = PBXBuildFile; fileRef = 61FF56C4295CE01000EE7E42 /* Endpoints.swift */; };
		61FF56C7295CE03E00EE7E42 /* HTTPMethod.swift in Sources */ = {isa = PBXBuildFile; fileRef = 61FF56C6295CE03E00EE7E42 /* HTTPMethod.swift */; };
		61FF56C9295CE05600EE7E42 /* HTTPRequest.swift in Sources */ = {isa = PBXBuildFile; fileRef = 61FF56C8295CE05600EE7E42 /* HTTPRequest.swift */; };
		61FF56CB295CE06B00EE7E42 /* Networking.swift in Sources */ = {isa = PBXBuildFile; fileRef = 61FF56CA295CE06B00EE7E42 /* Networking.swift */; };
		61FF56CD295CE08600EE7E42 /* ServerRequest.swift in Sources */ = {isa = PBXBuildFile; fileRef = 61FF56CC295CE08600EE7E42 /* ServerRequest.swift */; };
		61FF56CF295CE09900EE7E42 /* URLPath.swift in Sources */ = {isa = PBXBuildFile; fileRef = 61FF56CE295CE09900EE7E42 /* URLPath.swift */; };
		61FF56D1295CE0AE00EE7E42 /* NetworkingError.swift in Sources */ = {isa = PBXBuildFile; fileRef = 61FF56D0295CE0AE00EE7E42 /* NetworkingError.swift */; };
		61FF56D3295CE68200EE7E42 /* AppConstants.swift in Sources */ = {isa = PBXBuildFile; fileRef = 61FF56D2295CE68200EE7E42 /* AppConstants.swift */; };
/* End PBXBuildFile section */

/* Begin PBXFileReference section */
		6111170A296088E900E9F5BC /* ViewFactoryMethods.swift */ = {isa = PBXFileReference; lastKnownFileType = sourcecode.swift; path = ViewFactoryMethods.swift; sourceTree = "<group>"; };
		611373D429601B9A004E2BFE /* MovieItemModel.swift */ = {isa = PBXFileReference; lastKnownFileType = sourcecode.swift; path = MovieItemModel.swift; sourceTree = "<group>"; };
		611373D629601E76004E2BFE /* MovieItemModelInterface.swift */ = {isa = PBXFileReference; lastKnownFileType = sourcecode.swift; path = MovieItemModelInterface.swift; sourceTree = "<group>"; };
		611373D929601FA3004E2BFE /* PaginationModel.swift */ = {isa = PBXFileReference; lastKnownFileType = sourcecode.swift; path = PaginationModel.swift; sourceTree = "<group>"; };
		61762458295CB8D9004C3197 /* FilimoTechnicalAssessment.app */ = {isa = PBXFileReference; explicitFileType = wrapper.application; includeInIndex = 0; path = FilimoTechnicalAssessment.app; sourceTree = BUILT_PRODUCTS_DIR; };
		6176245B295CB8D9004C3197 /* AppDelegate.swift */ = {isa = PBXFileReference; lastKnownFileType = sourcecode.swift; path = AppDelegate.swift; sourceTree = "<group>"; };
		6176245D295CB8D9004C3197 /* SceneDelegate.swift */ = {isa = PBXFileReference; lastKnownFileType = sourcecode.swift; path = SceneDelegate.swift; sourceTree = "<group>"; };
		61762464295CB8DA004C3197 /* Assets.xcassets */ = {isa = PBXFileReference; lastKnownFileType = folder.assetcatalog; path = Assets.xcassets; sourceTree = "<group>"; };
		61762467295CB8DA004C3197 /* Base */ = {isa = PBXFileReference; lastKnownFileType = file.storyboard; name = Base; path = Base.lproj/LaunchScreen.storyboard; sourceTree = "<group>"; };
		61762469295CB8DA004C3197 /* Info.plist */ = {isa = PBXFileReference; lastKnownFileType = text.plist.xml; path = Info.plist; sourceTree = "<group>"; };
		617FB889295CBA7B00CCF71F /* SearchMoviesModule.swift */ = {isa = PBXFileReference; lastKnownFileType = sourcecode.swift; path = SearchMoviesModule.swift; sourceTree = "<group>"; };
		617FB88A295CBA7B00CCF71F /* SearchMoviesPresenter.swift */ = {isa = PBXFileReference; lastKnownFileType = sourcecode.swift; path = SearchMoviesPresenter.swift; sourceTree = "<group>"; };
		617FB88B295CBA7B00CCF71F /* SearchMoviesView.swift */ = {isa = PBXFileReference; lastKnownFileType = sourcecode.swift; path = SearchMoviesView.swift; sourceTree = "<group>"; };
		619CFF6D29602DEF003B8C6B /* MovieCell.swift */ = {isa = PBXFileReference; lastKnownFileType = sourcecode.swift; path = MovieCell.swift; sourceTree = "<group>"; };
		619CFF6E29602DEF003B8C6B /* MovieCell.xib */ = {isa = PBXFileReference; lastKnownFileType = file.xib; path = MovieCell.xib; sourceTree = "<group>"; };
		619CFF7729604626003B8C6B /* UIImageView+Extension.swift */ = {isa = PBXFileReference; lastKnownFileType = sourcecode.swift; path = "UIImageView+Extension.swift"; sourceTree = "<group>"; };
		619CFF7A29604913003B8C6B /* MovieDetailModule.swift */ = {isa = PBXFileReference; lastKnownFileType = sourcecode.swift; path = MovieDetailModule.swift; sourceTree = "<group>"; };
		619CFF7B29604913003B8C6B /* MovieDetailPresenter.swift */ = {isa = PBXFileReference; lastKnownFileType = sourcecode.swift; path = MovieDetailPresenter.swift; sourceTree = "<group>"; };
		619CFF7C29604913003B8C6B /* MovieDetailView.swift */ = {isa = PBXFileReference; lastKnownFileType = sourcecode.swift; path = MovieDetailView.swift; sourceTree = "<group>"; };
		61D04D43295D9B6000D4F101 /* NetworkingInterface.swift */ = {isa = PBXFileReference; lastKnownFileType = sourcecode.swift; path = NetworkingInterface.swift; sourceTree = "<group>"; };
		61FF56C1295CE00500EE7E42 /* APIClient.swift */ = {isa = PBXFileReference; lastKnownFileType = sourcecode.swift; path = APIClient.swift; sourceTree = "<group>"; };
		61FF56C4295CE01000EE7E42 /* Endpoints.swift */ = {isa = PBXFileReference; lastKnownFileType = sourcecode.swift; path = Endpoints.swift; sourceTree = "<group>"; };
		61FF56C6295CE03E00EE7E42 /* HTTPMethod.swift */ = {isa = PBXFileReference; lastKnownFileType = sourcecode.swift; path = HTTPMethod.swift; sourceTree = "<group>"; };
		61FF56C8295CE05600EE7E42 /* HTTPRequest.swift */ = {isa = PBXFileReference; lastKnownFileType = sourcecode.swift; path = HTTPRequest.swift; sourceTree = "<group>"; };
		61FF56CA295CE06B00EE7E42 /* Networking.swift */ = {isa = PBXFileReference; lastKnownFileType = sourcecode.swift; path = Networking.swift; sourceTree = "<group>"; };
		61FF56CC295CE08600EE7E42 /* ServerRequest.swift */ = {isa = PBXFileReference; lastKnownFileType = sourcecode.swift; path = ServerRequest.swift; sourceTree = "<group>"; };
		61FF56CE295CE09900EE7E42 /* URLPath.swift */ = {isa = PBXFileReference; lastKnownFileType = sourcecode.swift; path = URLPath.swift; sourceTree = "<group>"; };
		61FF56D0295CE0AE00EE7E42 /* NetworkingError.swift */ = {isa = PBXFileReference; lastKnownFileType = sourcecode.swift; path = NetworkingError.swift; sourceTree = "<group>"; };
		61FF56D2295CE68200EE7E42 /* AppConstants.swift */ = {isa = PBXFileReference; lastKnownFileType = sourcecode.swift; path = AppConstants.swift; sourceTree = "<group>"; };
/* End PBXFileReference section */

/* Begin PBXFrameworksBuildPhase section */
		61762455295CB8D9004C3197 /* Frameworks */ = {
			isa = PBXFrameworksBuildPhase;
			buildActionMask = 2147483647;
			files = (
				619CFF7629604609003B8C6B /* Toast in Frameworks */,
				619CFF73296045F5003B8C6B /* Kingfisher in Frameworks */,
			);
			runOnlyForDeploymentPostprocessing = 0;
		};
/* End PBXFrameworksBuildPhase section */

/* Begin PBXGroup section */
		611373D829601F76004E2BFE /* Model */ = {
			isa = PBXGroup;
			children = (
				611373D929601FA3004E2BFE /* PaginationModel.swift */,
				611373D429601B9A004E2BFE /* MovieItemModel.swift */,
				611373D629601E76004E2BFE /* MovieItemModelInterface.swift */,
			);
			path = Model;
			sourceTree = "<group>";
		};
		6176244F295CB8D9004C3197 = {
			isa = PBXGroup;
			children = (
				6176245A295CB8D9004C3197 /* FilimoTechnicalAssessment */,
				61762459295CB8D9004C3197 /* Products */,
			);
			sourceTree = "<group>";
		};
		61762459295CB8D9004C3197 /* Products */ = {
			isa = PBXGroup;
			children = (
				61762458295CB8D9004C3197 /* FilimoTechnicalAssessment.app */,
			);
			name = Products;
			sourceTree = "<group>";
		};
		6176245A295CB8D9004C3197 /* FilimoTechnicalAssessment */ = {
			isa = PBXGroup;
			children = (
				6176245B295CB8D9004C3197 /* AppDelegate.swift */,
				6176245D295CB8D9004C3197 /* SceneDelegate.swift */,
				61FF56D2295CE68200EE7E42 /* AppConstants.swift */,
				6111170A296088E900E9F5BC /* ViewFactoryMethods.swift */,
				619CFF8129604D23003B8C6B /* Extensions */,
				611373D829601F76004E2BFE /* Model */,
				61FF56C3295CE00900EE7E42 /* Network */,
				619CFF79296048FF003B8C6B /* Modules */,
				61762464295CB8DA004C3197 /* Assets.xcassets */,
				61762466295CB8DA004C3197 /* LaunchScreen.storyboard */,
				61762469295CB8DA004C3197 /* Info.plist */,
			);
			path = FilimoTechnicalAssessment;
			sourceTree = "<group>";
		};
		617FB88F295CBA7E00CCF71F /* SearchMovies */ = {
			isa = PBXGroup;
			children = (
				61FF56C0295CDAD300EE7E42 /* Cells */,
				617FB889295CBA7B00CCF71F /* SearchMoviesModule.swift */,
				617FB88A295CBA7B00CCF71F /* SearchMoviesPresenter.swift */,
				617FB88B295CBA7B00CCF71F /* SearchMoviesView.swift */,
			);
			path = SearchMovies;
			sourceTree = "<group>";
		};
		619CFF79296048FF003B8C6B /* Modules */ = {
			isa = PBXGroup;
			children = (
				617FB88F295CBA7E00CCF71F /* SearchMovies */,
				619CFF8029604918003B8C6B /* MovieDetailView */,
			);
			path = Modules;
			sourceTree = "<group>";
		};
		619CFF8029604918003B8C6B /* MovieDetailView */ = {
			isa = PBXGroup;
			children = (
				619CFF7A29604913003B8C6B /* MovieDetailModule.swift */,
				619CFF7C29604913003B8C6B /* MovieDetailView.swift */,
				619CFF7B29604913003B8C6B /* MovieDetailPresenter.swift */,
			);
			path = MovieDetailView;
			sourceTree = "<group>";
		};
		619CFF8129604D23003B8C6B /* Extensions */ = {
			isa = PBXGroup;
			children = (
				619CFF7729604626003B8C6B /* UIImageView+Extension.swift */,
			);
			path = Extensions;
			sourceTree = "<group>";
		};
		61D04D45295F51CD00D4F101 /* Core */ = {
			isa = PBXGroup;
			children = (
				61FF56C1295CE00500EE7E42 /* APIClient.swift */,
				61D04D43295D9B6000D4F101 /* NetworkingInterface.swift */,
				61FF56C6295CE03E00EE7E42 /* HTTPMethod.swift */,
				61FF56C8295CE05600EE7E42 /* HTTPRequest.swift */,
				61FF56CA295CE06B00EE7E42 /* Networking.swift */,
				61FF56CE295CE09900EE7E42 /* URLPath.swift */,
				61FF56D0295CE0AE00EE7E42 /* NetworkingError.swift */,
			);
			path = Core;
			sourceTree = "<group>";
		};
		61FF56C0295CDAD300EE7E42 /* Cells */ = {
			isa = PBXGroup;
			children = (
				619CFF6D29602DEF003B8C6B /* MovieCell.swift */,
				619CFF6E29602DEF003B8C6B /* MovieCell.xib */,
			);
			path = Cells;
			sourceTree = "<group>";
		};
		61FF56C3295CE00900EE7E42 /* Network */ = {
			isa = PBXGroup;
			children = (
				61FF56CC295CE08600EE7E42 /* ServerRequest.swift */,
				61FF56C4295CE01000EE7E42 /* Endpoints.swift */,
				61D04D45295F51CD00D4F101 /* Core */,
			);
			path = Network;
			sourceTree = "<group>";
		};
/* End PBXGroup section */

/* Begin PBXNativeTarget section */
		61762457295CB8D9004C3197 /* FilimoTechnicalAssessment */ = {
			isa = PBXNativeTarget;
			buildConfigurationList = 6176246C295CB8DA004C3197 /* Build configuration list for PBXNativeTarget "FilimoTechnicalAssessment" */;
			buildPhases = (
				61762454295CB8D9004C3197 /* Sources */,
				61762455295CB8D9004C3197 /* Frameworks */,
				61762456295CB8D9004C3197 /* Resources */,
			);
			buildRules = (
			);
			dependencies = (
			);
			name = FilimoTechnicalAssessment;
			packageProductDependencies = (
				619CFF72296045F5003B8C6B /* Kingfisher */,
				619CFF7529604609003B8C6B /* Toast */,
			);
			productName = FilimoTechnicalAssessment;
			productReference = 61762458295CB8D9004C3197 /* FilimoTechnicalAssessment.app */;
			productType = "com.apple.product-type.application";
		};
/* End PBXNativeTarget section */

/* Begin PBXProject section */
		61762450295CB8D9004C3197 /* Project object */ = {
			isa = PBXProject;
			attributes = {
				BuildIndependentTargetsInParallel = 1;
				LastSwiftUpdateCheck = 1410;
				LastUpgradeCheck = 1410;
				TargetAttributes = {
					61762457295CB8D9004C3197 = {
						CreatedOnToolsVersion = 14.1;
					};
				};
			};
			buildConfigurationList = 61762453295CB8D9004C3197 /* Build configuration list for PBXProject "FilimoTechnicalAssessment" */;
			compatibilityVersion = "Xcode 14.0";
			developmentRegion = en;
			hasScannedForEncodings = 0;
			knownRegions = (
				en,
				Base,
			);
			mainGroup = 6176244F295CB8D9004C3197;
			packageReferences = (
				619CFF71296045F5003B8C6B /* XCRemoteSwiftPackageReference "Kingfisher" */,
				619CFF7429604609003B8C6B /* XCRemoteSwiftPackageReference "toast-swift" */,
			);
			productRefGroup = 61762459295CB8D9004C3197 /* Products */;
			projectDirPath = "";
			projectRoot = "";
			targets = (
				61762457295CB8D9004C3197 /* FilimoTechnicalAssessment */,
			);
		};
/* End PBXProject section */

/* Begin PBXResourcesBuildPhase section */
		61762456295CB8D9004C3197 /* Resources */ = {
			isa = PBXResourcesBuildPhase;
			buildActionMask = 2147483647;
			files = (
				619CFF7029602DEF003B8C6B /* MovieCell.xib in Resources */,
				61762468295CB8DA004C3197 /* LaunchScreen.storyboard in Resources */,
				61762465295CB8DA004C3197 /* Assets.xcassets in Resources */,
			);
			runOnlyForDeploymentPostprocessing = 0;
		};
/* End PBXResourcesBuildPhase section */

/* Begin PBXSourcesBuildPhase section */
		61762454295CB8D9004C3197 /* Sources */ = {
			isa = PBXSourcesBuildPhase;
			buildActionMask = 2147483647;
			files = (
				617FB88C295CBA7B00CCF71F /* SearchMoviesModule.swift in Sources */,
				61FF56CB295CE06B00EE7E42 /* Networking.swift in Sources */,
				61FF56C2295CE00500EE7E42 /* APIClient.swift in Sources */,
				619CFF7D29604913003B8C6B /* MovieDetailModule.swift in Sources */,
				6176245C295CB8D9004C3197 /* AppDelegate.swift in Sources */,
				61FF56D3295CE68200EE7E42 /* AppConstants.swift in Sources */,
				611373D529601B9A004E2BFE /* MovieItemModel.swift in Sources */,
				611373DA29601FA3004E2BFE /* PaginationModel.swift in Sources */,
				617FB88E295CBA7B00CCF71F /* SearchMoviesView.swift in Sources */,
				61FF56CD295CE08600EE7E42 /* ServerRequest.swift in Sources */,
				61FF56C7295CE03E00EE7E42 /* HTTPMethod.swift in Sources */,
				619CFF7829604626003B8C6B /* UIImageView+Extension.swift in Sources */,
				6176245E295CB8D9004C3197 /* SceneDelegate.swift in Sources */,
				61FF56C9295CE05600EE7E42 /* HTTPRequest.swift in Sources */,
				61FF56D1295CE0AE00EE7E42 /* NetworkingError.swift in Sources */,
				61FF56CF295CE09900EE7E42 /* URLPath.swift in Sources */,
				61D04D44295D9B6000D4F101 /* NetworkingInterface.swift in Sources */,
				61FF56C5295CE01000EE7E42 /* Endpoints.swift in Sources */,
				6111170B296088E900E9F5BC /* ViewFactoryMethods.swift in Sources */,
				619CFF7E29604913003B8C6B /* MovieDetailPresenter.swift in Sources */,
				617FB88D295CBA7B00CCF71F /* SearchMoviesPresenter.swift in Sources */,
				619CFF7F29604913003B8C6B /* MovieDetailView.swift in Sources */,
				619CFF6F29602DEF003B8C6B /* MovieCell.swift in Sources */,
				611373D729601E76004E2BFE /* MovieItemModelInterface.swift in Sources */,
			);
			runOnlyForDeploymentPostprocessing = 0;
		};
/* End PBXSourcesBuildPhase section */

/* Begin PBXVariantGroup section */
		61762466295CB8DA004C3197 /* LaunchScreen.storyboard */ = {
			isa = PBXVariantGroup;
			children = (
				61762467295CB8DA004C3197 /* Base */,
			);
			name = LaunchScreen.storyboard;
			sourceTree = "<group>";
		};
/* End PBXVariantGroup section */

/* Begin XCBuildConfiguration section */
		6176246A295CB8DA004C3197 /* Debug */ = {
			isa = XCBuildConfiguration;
			buildSettings = {
				ALWAYS_SEARCH_USER_PATHS = NO;
				CLANG_ANALYZER_NONNULL = YES;
				CLANG_ANALYZER_NUMBER_OBJECT_CONVERSION = YES_AGGRESSIVE;
				CLANG_CXX_LANGUAGE_STANDARD = "gnu++20";
				CLANG_ENABLE_MODULES = YES;
				CLANG_ENABLE_OBJC_ARC = YES;
				CLANG_ENABLE_OBJC_WEAK = YES;
				CLANG_WARN_BLOCK_CAPTURE_AUTORELEASING = YES;
				CLANG_WARN_BOOL_CONVERSION = YES;
				CLANG_WARN_COMMA = YES;
				CLANG_WARN_CONSTANT_CONVERSION = YES;
				CLANG_WARN_DEPRECATED_OBJC_IMPLEMENTATIONS = YES;
				CLANG_WARN_DIRECT_OBJC_ISA_USAGE = YES_ERROR;
				CLANG_WARN_DOCUMENTATION_COMMENTS = YES;
				CLANG_WARN_EMPTY_BODY = YES;
				CLANG_WARN_ENUM_CONVERSION = YES;
				CLANG_WARN_INFINITE_RECURSION = YES;
				CLANG_WARN_INT_CONVERSION = YES;
				CLANG_WARN_NON_LITERAL_NULL_CONVERSION = YES;
				CLANG_WARN_OBJC_IMPLICIT_RETAIN_SELF = YES;
				CLANG_WARN_OBJC_LITERAL_CONVERSION = YES;
				CLANG_WARN_OBJC_ROOT_CLASS = YES_ERROR;
				CLANG_WARN_QUOTED_INCLUDE_IN_FRAMEWORK_HEADER = YES;
				CLANG_WARN_RANGE_LOOP_ANALYSIS = YES;
				CLANG_WARN_STRICT_PROTOTYPES = YES;
				CLANG_WARN_SUSPICIOUS_MOVE = YES;
				CLANG_WARN_UNGUARDED_AVAILABILITY = YES_AGGRESSIVE;
				CLANG_WARN_UNREACHABLE_CODE = YES;
				CLANG_WARN__DUPLICATE_METHOD_MATCH = YES;
				COPY_PHASE_STRIP = NO;
				DEBUG_INFORMATION_FORMAT = dwarf;
				ENABLE_STRICT_OBJC_MSGSEND = YES;
				ENABLE_TESTABILITY = YES;
				GCC_C_LANGUAGE_STANDARD = gnu11;
				GCC_DYNAMIC_NO_PIC = NO;
				GCC_NO_COMMON_BLOCKS = YES;
				GCC_OPTIMIZATION_LEVEL = 0;
				GCC_PREPROCESSOR_DEFINITIONS = (
					"DEBUG=1",
					"$(inherited)",
				);
				GCC_WARN_64_TO_32_BIT_CONVERSION = YES;
				GCC_WARN_ABOUT_RETURN_TYPE = YES_ERROR;
				GCC_WARN_UNDECLARED_SELECTOR = YES;
				GCC_WARN_UNINITIALIZED_AUTOS = YES_AGGRESSIVE;
				GCC_WARN_UNUSED_FUNCTION = YES;
				GCC_WARN_UNUSED_VARIABLE = YES;
				IPHONEOS_DEPLOYMENT_TARGET = 16.1;
				MTL_ENABLE_DEBUG_INFO = INCLUDE_SOURCE;
				MTL_FAST_MATH = YES;
				ONLY_ACTIVE_ARCH = YES;
				SDKROOT = iphoneos;
				SWIFT_ACTIVE_COMPILATION_CONDITIONS = DEBUG;
				SWIFT_OPTIMIZATION_LEVEL = "-Onone";
			};
			name = Debug;
		};
		6176246B295CB8DA004C3197 /* Release */ = {
			isa = XCBuildConfiguration;
			buildSettings = {
				ALWAYS_SEARCH_USER_PATHS = NO;
				CLANG_ANALYZER_NONNULL = YES;
				CLANG_ANALYZER_NUMBER_OBJECT_CONVERSION = YES_AGGRESSIVE;
				CLANG_CXX_LANGUAGE_STANDARD = "gnu++20";
				CLANG_ENABLE_MODULES = YES;
				CLANG_ENABLE_OBJC_ARC = YES;
				CLANG_ENABLE_OBJC_WEAK = YES;
				CLANG_WARN_BLOCK_CAPTURE_AUTORELEASING = YES;
				CLANG_WARN_BOOL_CONVERSION = YES;
				CLANG_WARN_COMMA = YES;
				CLANG_WARN_CONSTANT_CONVERSION = YES;
				CLANG_WARN_DEPRECATED_OBJC_IMPLEMENTATIONS = YES;
				CLANG_WARN_DIRECT_OBJC_ISA_USAGE = YES_ERROR;
				CLANG_WARN_DOCUMENTATION_COMMENTS = YES;
				CLANG_WARN_EMPTY_BODY = YES;
				CLANG_WARN_ENUM_CONVERSION = YES;
				CLANG_WARN_INFINITE_RECURSION = YES;
				CLANG_WARN_INT_CONVERSION = YES;
				CLANG_WARN_NON_LITERAL_NULL_CONVERSION = YES;
				CLANG_WARN_OBJC_IMPLICIT_RETAIN_SELF = YES;
				CLANG_WARN_OBJC_LITERAL_CONVERSION = YES;
				CLANG_WARN_OBJC_ROOT_CLASS = YES_ERROR;
				CLANG_WARN_QUOTED_INCLUDE_IN_FRAMEWORK_HEADER = YES;
				CLANG_WARN_RANGE_LOOP_ANALYSIS = YES;
				CLANG_WARN_STRICT_PROTOTYPES = YES;
				CLANG_WARN_SUSPICIOUS_MOVE = YES;
				CLANG_WARN_UNGUARDED_AVAILABILITY = YES_AGGRESSIVE;
				CLANG_WARN_UNREACHABLE_CODE = YES;
				CLANG_WARN__DUPLICATE_METHOD_MATCH = YES;
				COPY_PHASE_STRIP = NO;
				DEBUG_INFORMATION_FORMAT = "dwarf-with-dsym";
				ENABLE_NS_ASSERTIONS = NO;
				ENABLE_STRICT_OBJC_MSGSEND = YES;
				GCC_C_LANGUAGE_STANDARD = gnu11;
				GCC_NO_COMMON_BLOCKS = YES;
				GCC_WARN_64_TO_32_BIT_CONVERSION = YES;
				GCC_WARN_ABOUT_RETURN_TYPE = YES_ERROR;
				GCC_WARN_UNDECLARED_SELECTOR = YES;
				GCC_WARN_UNINITIALIZED_AUTOS = YES_AGGRESSIVE;
				GCC_WARN_UNUSED_FUNCTION = YES;
				GCC_WARN_UNUSED_VARIABLE = YES;
				IPHONEOS_DEPLOYMENT_TARGET = 16.1;
				MTL_ENABLE_DEBUG_INFO = NO;
				MTL_FAST_MATH = YES;
				SDKROOT = iphoneos;
				SWIFT_COMPILATION_MODE = wholemodule;
				SWIFT_OPTIMIZATION_LEVEL = "-O";
				VALIDATE_PRODUCT = YES;
			};
			name = Release;
		};
		6176246D295CB8DA004C3197 /* Debug */ = {
			isa = XCBuildConfiguration;
			buildSettings = {
				ASSETCATALOG_COMPILER_APPICON_NAME = AppIcon;
				ASSETCATALOG_COMPILER_GLOBAL_ACCENT_COLOR_NAME = AccentColor;
				CODE_SIGN_STYLE = Automatic;
				CURRENT_PROJECT_VERSION = 1;
				DEVELOPMENT_TEAM = G7W2JU7KHV;
				GENERATE_INFOPLIST_FILE = YES;
				INFOPLIST_FILE = FilimoTechnicalAssessment/Info.plist;
				INFOPLIST_KEY_UIApplicationSupportsIndirectInputEvents = YES;
				INFOPLIST_KEY_UILaunchStoryboardName = LaunchScreen;
				INFOPLIST_KEY_UIMainStoryboardFile = "";
				INFOPLIST_KEY_UISupportedInterfaceOrientations_iPad = "UIInterfaceOrientationPortrait UIInterfaceOrientationPortraitUpsideDown UIInterfaceOrientationLandscapeLeft UIInterfaceOrientationLandscapeRight";
				INFOPLIST_KEY_UISupportedInterfaceOrientations_iPhone = "UIInterfaceOrientationPortrait UIInterfaceOrientationLandscapeLeft UIInterfaceOrientationLandscapeRight";
				LD_RUNPATH_SEARCH_PATHS = (
					"$(inherited)",
					"@executable_path/Frameworks",
				);
				MARKETING_VERSION = 1.0;
				PRODUCT_BUNDLE_IDENTIFIER = com.mobinjt.FilimoTechnicalAssessment;
				PRODUCT_NAME = "$(TARGET_NAME)";
				SWIFT_EMIT_LOC_STRINGS = YES;
				SWIFT_VERSION = 5.0;
				TARGETED_DEVICE_FAMILY = "1,2";
			};
			name = Debug;
		};
		6176246E295CB8DA004C3197 /* Release */ = {
			isa = XCBuildConfiguration;
			buildSettings = {
				ASSETCATALOG_COMPILER_APPICON_NAME = AppIcon;
				ASSETCATALOG_COMPILER_GLOBAL_ACCENT_COLOR_NAME = AccentColor;
				CODE_SIGN_STYLE = Automatic;
				CURRENT_PROJECT_VERSION = 1;
				DEVELOPMENT_TEAM = G7W2JU7KHV;
				GENERATE_INFOPLIST_FILE = YES;
				INFOPLIST_FILE = FilimoTechnicalAssessment/Info.plist;
				INFOPLIST_KEY_UIApplicationSupportsIndirectInputEvents = YES;
				INFOPLIST_KEY_UILaunchStoryboardName = LaunchScreen;
				INFOPLIST_KEY_UIMainStoryboardFile = "";
				INFOPLIST_KEY_UISupportedInterfaceOrientations_iPad = "UIInterfaceOrientationPortrait UIInterfaceOrientationPortraitUpsideDown UIInterfaceOrientationLandscapeLeft UIInterfaceOrientationLandscapeRight";
				INFOPLIST_KEY_UISupportedInterfaceOrientations_iPhone = "UIInterfaceOrientationPortrait UIInterfaceOrientationLandscapeLeft UIInterfaceOrientationLandscapeRight";
				LD_RUNPATH_SEARCH_PATHS = (
					"$(inherited)",
					"@executable_path/Frameworks",
				);
				MARKETING_VERSION = 1.0;
				PRODUCT_BUNDLE_IDENTIFIER = com.mobinjt.FilimoTechnicalAssessment;
				PRODUCT_NAME = "$(TARGET_NAME)";
				SWIFT_EMIT_LOC_STRINGS = YES;
				SWIFT_VERSION = 5.0;
				TARGETED_DEVICE_FAMILY = "1,2";
			};
			name = Release;
		};
/* End XCBuildConfiguration section */

/* Begin XCConfigurationList section */
		61762453295CB8D9004C3197 /* Build configuration list for PBXProject "FilimoTechnicalAssessment" */ = {
			isa = XCConfigurationList;
			buildConfigurations = (
				6176246A295CB8DA004C3197 /* Debug */,
				6176246B295CB8DA004C3197 /* Release */,
			);
			defaultConfigurationIsVisible = 0;
			defaultConfigurationName = Release;
		};
		6176246C295CB8DA004C3197 /* Build configuration list for PBXNativeTarget "FilimoTechnicalAssessment" */ = {
			isa = XCConfigurationList;
			buildConfigurations = (
				6176246D295CB8DA004C3197 /* Debug */,
				6176246E295CB8DA004C3197 /* Release */,
			);
			defaultConfigurationIsVisible = 0;
			defaultConfigurationName = Release;
		};
/* End XCConfigurationList section */

/* Begin XCRemoteSwiftPackageReference section */
		619CFF71296045F5003B8C6B /* XCRemoteSwiftPackageReference "Kingfisher" */ = {
			isa = XCRemoteSwiftPackageReference;
			repositoryURL = "https://github.com/onevcat/Kingfisher.git";
			requirement = {
				kind = upToNextMajorVersion;
				minimumVersion = 7.0.0;
			};
		};
		619CFF7429604609003B8C6B /* XCRemoteSwiftPackageReference "toast-swift" */ = {
			isa = XCRemoteSwiftPackageReference;
			repositoryURL = "https://github.com/BastiaanJansen/toast-swift.git";
			requirement = {
				kind = upToNextMinorVersion;
				minimumVersion = 1.2.0;
			};
		};
/* End XCRemoteSwiftPackageReference section */

/* Begin XCSwiftPackageProductDependency section */
		619CFF72296045F5003B8C6B /* Kingfisher */ = {
			isa = XCSwiftPackageProductDependency;
			package = 619CFF71296045F5003B8C6B /* XCRemoteSwiftPackageReference "Kingfisher" */;
			productName = Kingfisher;
		};
		619CFF7529604609003B8C6B /* Toast */ = {
			isa = XCSwiftPackageProductDependency;
			package = 619CFF7429604609003B8C6B /* XCRemoteSwiftPackageReference "toast-swift" */;
			productName = Toast;
		};
/* End XCSwiftPackageProductDependency section */
	};
	rootObject = 61762450295CB8D9004C3197 /* Project object */;
}
