{
  "pins" : [
    {
      "identity" : "kingfisher",
      "kind" : "remoteSourceControl",
      "location" : "https://github.com/onevcat/Kingfisher.git",
      "state" : {
        "revision" : "44e891bdb61426a95e31492a67c7c0dfad1f87c5",
        "version" : "7.4.1"
      }
    },
    {
      "identity" : "toast-swift",
      "kind" : "remoteSourceControl",
      "location" : "https://github.com/BastiaanJansen/toast-swift.git",
      "state" : {
        "revision" : "cb5d5aa1b7c435988eee2254a4df42af66680b75",
        "version" : "1.2.0"
      }
    }
  ],
  "version" : 2
}
